// !$*UTF8*$!
{
	archiveVersion = 1;
	classes = {
	};
	objectVersion = 46;
	objects = {

/* Begin PBXBuildFile section */
		1D3623260D0F684500981E51 /* TransSampleAppDelegate.m in Sources */ = {isa = PBXBuildFile; fileRef = 1D3623250D0F684500981E51 /* TransSampleAppDelegate.m */; };
		1D60589B0D05DD56006BFB54 /* main.m in Sources */ = {isa = PBXBuildFile; fileRef = 29B97316FDCFA39411CA2CEA /* main.m */; };
		1D60589F0D05DD5A006BFB54 /* Foundation.framework in Frameworks */ = {isa = PBXBuildFile; fileRef = 1D30AB110D05D00D00671497 /* Foundation.framework */; };
		1DF5F4E00D08C38300B7A737 /* UIKit.framework in Frameworks */ = {isa = PBXBuildFile; fileRef = 1DF5F4DF0D08C38300B7A737 /* UIKit.framework */; };
		2892E4100DC94CBA00A64D0F /* CoreGraphics.framework in Frameworks */ = {isa = PBXBuildFile; fileRef = 2892E40F0DC94CBA00A64D0F /* CoreGraphics.framework */; };
		28AD73600D9D9599002E5188 /* MainWindow.xib in Resources */ = {isa = PBXBuildFile; fileRef = 28AD735F0D9D9599002E5188 /* MainWindow.xib */; };
		28C286E10D94DF7D0034E888 /* RootViewController.m in Sources */ = {isa = PBXBuildFile; fileRef = 28C286E00D94DF7D0034E888 /* RootViewController.m */; };
		28F335F11007B36200424DE2 /* RootViewController.xib in Resources */ = {isa = PBXBuildFile; fileRef = 28F335F01007B36200424DE2 /* RootViewController.xib */; };
		AE36168A11E576BF00914E53 /* CFNetwork.framework in Frameworks */ = {isa = PBXBuildFile; fileRef = AE36168911E576BF00914E53 /* CFNetwork.framework */; };
		AE36168E11E576CE00914E53 /* SystemConfiguration.framework in Frameworks */ = {isa = PBXBuildFile; fileRef = AE36168D11E576CE00914E53 /* SystemConfiguration.framework */; };
		AE36169211E576D800914E53 /* MobileCoreServices.framework in Frameworks */ = {isa = PBXBuildFile; fileRef = AE36169111E576D800914E53 /* MobileCoreServices.framework */; };
		AE7E5D6A11E1919100053970 /* Localizable.strings in Resources */ = {isa = PBXBuildFile; fileRef = AE7E5D6911E1919100053970 /* Localizable.strings */; };
		AE8FFA8313F0BDF200BE709E /* onesky.json in Resources */ = {isa = PBXBuildFile; fileRef = AE8FFA8213F0BDF200BE709E /* onesky.json */; };
		AE93B5E913F4BB9000D77C39 /* OneSkyWebViewController.m in Sources */ = {isa = PBXBuildFile; fileRef = AE93B5E713F4BB9000D77C39 /* OneSkyWebViewController.m */; };
		AE93B5EA13F4BB9000D77C39 /* OneSkyWebViewController.xib in Resources */ = {isa = PBXBuildFile; fileRef = AE93B5E813F4BB9000D77C39 /* OneSkyWebViewController.xib */; };
		AEB94FE6139342B9003A4FC7 /* NSObject+SBJSON.m in Sources */ = {isa = PBXBuildFile; fileRef = AEB94FDD139342B8003A4FC7 /* NSObject+SBJSON.m */; };
		AEB94FE7139342B9003A4FC7 /* NSString+SBJSON.m in Sources */ = {isa = PBXBuildFile; fileRef = AEB94FDF139342B8003A4FC7 /* NSString+SBJSON.m */; };
		AEB94FE8139342B9003A4FC7 /* SBJsonBase.m in Sources */ = {isa = PBXBuildFile; fileRef = AEB94FE1139342B8003A4FC7 /* SBJsonBase.m */; };
		AEB94FE9139342B9003A4FC7 /* SBJsonParser.m in Sources */ = {isa = PBXBuildFile; fileRef = AEB94FE3139342B8003A4FC7 /* SBJsonParser.m */; };
		AEB94FEA139342B9003A4FC7 /* SBJsonWriter.m in Sources */ = {isa = PBXBuildFile; fileRef = AEB94FE5139342B9003A4FC7 /* SBJsonWriter.m */; };
		AEC3B35C13D8345B00C59A51 /* NSString+Additions.m in Sources */ = {isa = PBXBuildFile; fileRef = AEC3B35713D8345B00C59A51 /* NSString+Additions.m */; };
		AEC3B35D13D8345B00C59A51 /* OneSkyDownloader.m in Sources */ = {isa = PBXBuildFile; fileRef = AEC3B35913D8345B00C59A51 /* OneSkyDownloader.m */; };
		AEC3B35E13D8345B00C59A51 /* OneSkyHelper.m in Sources */ = {isa = PBXBuildFile; fileRef = AEC3B35B13D8345B00C59A51 /* OneSkyHelper.m */; };
		AECA346D13D83CFD009483A7 /* NSMutableDictionary+Merge.m in Sources */ = {isa = PBXBuildFile; fileRef = AECA346C13D83CFD009483A7 /* NSMutableDictionary+Merge.m */; };
		AED06BE61451115300E5E092 /* libz.1.2.5.dylib in Frameworks */ = {isa = PBXBuildFile; fileRef = AED06BE51451115300E5E092 /* libz.1.2.5.dylib */; };
		AEEEF6AD1732A6A500B565BF /* Default-568h@2x.png in Resources */ = {isa = PBXBuildFile; fileRef = AEEEF6AC1732A6A500B565BF /* Default-568h@2x.png */; };
		AEF39DAF11E30BDE0011EB87 /* Security.framework in Frameworks */ = {isa = PBXBuildFile; fileRef = AEF39DAE11E30BDE0011EB87 /* Security.framework */; };
/* End PBXBuildFile section */

/* Begin PBXFileReference section */
		1D30AB110D05D00D00671497 /* Foundation.framework */ = {isa = PBXFileReference; lastKnownFileType = wrapper.framework; name = Foundation.framework; path = System/Library/Frameworks/Foundation.framework; sourceTree = SDKROOT; };
		1D3623240D0F684500981E51 /* TransSampleAppDelegate.h */ = {isa = PBXFileReference; fileEncoding = 4; lastKnownFileType = sourcecode.c.h; path = TransSampleAppDelegate.h; sourceTree = "<group>"; };
		1D3623250D0F684500981E51 /* TransSampleAppDelegate.m */ = {isa = PBXFileReference; fileEncoding = 4; lastKnownFileType = sourcecode.c.objc; path = TransSampleAppDelegate.m; sourceTree = "<group>"; };
		1D6058910D05DD3D006BFB54 /* OneSky Demo.app */ = {isa = PBXFileReference; explicitFileType = wrapper.application; includeInIndex = 0; path = "OneSky Demo.app"; sourceTree = BUILT_PRODUCTS_DIR; };
		1DF5F4DF0D08C38300B7A737 /* UIKit.framework */ = {isa = PBXFileReference; lastKnownFileType = wrapper.framework; name = UIKit.framework; path = System/Library/Frameworks/UIKit.framework; sourceTree = SDKROOT; };
		2892E40F0DC94CBA00A64D0F /* CoreGraphics.framework */ = {isa = PBXFileReference; lastKnownFileType = wrapper.framework; name = CoreGraphics.framework; path = System/Library/Frameworks/CoreGraphics.framework; sourceTree = SDKROOT; };
		28A0AAE50D9B0CCF005BE974 /* TransSample_Prefix.pch */ = {isa = PBXFileReference; fileEncoding = 4; lastKnownFileType = sourcecode.c.h; path = TransSample_Prefix.pch; sourceTree = "<group>"; };
		28AD735F0D9D9599002E5188 /* MainWindow.xib */ = {isa = PBXFileReference; lastKnownFileType = file.xib; path = MainWindow.xib; sourceTree = "<group>"; };
		28C286DF0D94DF7D0034E888 /* RootViewController.h */ = {isa = PBXFileReference; fileEncoding = 4; lastKnownFileType = sourcecode.c.h; path = RootViewController.h; sourceTree = "<group>"; };
		28C286E00D94DF7D0034E888 /* RootViewController.m */ = {isa = PBXFileReference; fileEncoding = 4; lastKnownFileType = sourcecode.c.objc; path = RootViewController.m; sourceTree = "<group>"; };
		28F335F01007B36200424DE2 /* RootViewController.xib */ = {isa = PBXFileReference; lastKnownFileType = file.xib; path = RootViewController.xib; sourceTree = "<group>"; };
		29B97316FDCFA39411CA2CEA /* main.m */ = {isa = PBXFileReference; fileEncoding = 4; lastKnownFileType = sourcecode.c.objc; path = main.m; sourceTree = "<group>"; };
		8D1107310486CEB800E47090 /* TransSample-Info.plist */ = {isa = PBXFileReference; fileEncoding = 4; lastKnownFileType = text.plist.xml; path = "TransSample-Info.plist"; plistStructureDefinitionIdentifier = "com.apple.xcode.plist.structure-definition.iphone.info-plist"; sourceTree = "<group>"; };
		AE36168911E576BF00914E53 /* CFNetwork.framework */ = {isa = PBXFileReference; lastKnownFileType = wrapper.framework; name = CFNetwork.framework; path = System/Library/Frameworks/CFNetwork.framework; sourceTree = SDKROOT; };
		AE36168D11E576CE00914E53 /* SystemConfiguration.framework */ = {isa = PBXFileReference; lastKnownFileType = wrapper.framework; name = SystemConfiguration.framework; path = System/Library/Frameworks/SystemConfiguration.framework; sourceTree = SDKROOT; };
		AE36169111E576D800914E53 /* MobileCoreServices.framework */ = {isa = PBXFileReference; lastKnownFileType = wrapper.framework; name = MobileCoreServices.framework; path = System/Library/Frameworks/MobileCoreServices.framework; sourceTree = SDKROOT; };
		AE36169511E5770400914E53 /* libz.1.2.3.dylib */ = {isa = PBXFileReference; lastKnownFileType = "compiled.mach-o.dylib"; name = libz.1.2.3.dylib; path = usr/lib/libz.1.2.3.dylib; sourceTree = SDKROOT; };
		AE7E5D6711E1918100053970 /* English */ = {isa = PBXFileReference; fileEncoding = 10; lastKnownFileType = text.plist.strings; name = English; path = English.lproj/Localizable.strings; sourceTree = "<group>"; };
		AE7E5D6B11E191AC00053970 /* zh-Hant */ = {isa = PBXFileReference; lastKnownFileType = text.plist.strings; name = "zh-Hant"; path = "zh-Hant.lproj/Localizable.strings"; sourceTree = "<group>"; };
		AE8FFA8213F0BDF200BE709E /* onesky.json */ = {isa = PBXFileReference; fileEncoding = 4; lastKnownFileType = text; path = onesky.json; sourceTree = "<group>"; };
		AE93B5E613F4BB8F00D77C39 /* OneSkyWebViewController.h */ = {isa = PBXFileReference; fileEncoding = 4; lastKnownFileType = sourcecode.c.h; path = OneSkyWebViewController.h; sourceTree = "<group>"; };
		AE93B5E713F4BB9000D77C39 /* OneSkyWebViewController.m */ = {isa = PBXFileReference; fileEncoding = 4; lastKnownFileType = sourcecode.c.objc; path = OneSkyWebViewController.m; sourceTree = "<group>"; };
		AE93B5E813F4BB9000D77C39 /* OneSkyWebViewController.xib */ = {isa = PBXFileReference; fileEncoding = 4; lastKnownFileType = file.xib; path = OneSkyWebViewController.xib; sourceTree = "<group>"; };
		AEB94FDB139342B8003A4FC7 /* JSON.h */ = {isa = PBXFileReference; fileEncoding = 4; lastKnownFileType = sourcecode.c.h; path = JSON.h; sourceTree = "<group>"; };
		AEB94FDC139342B8003A4FC7 /* NSObject+SBJSON.h */ = {isa = PBXFileReference; fileEncoding = 4; lastKnownFileType = sourcecode.c.h; path = "NSObject+SBJSON.h"; sourceTree = "<group>"; };
		AEB94FDD139342B8003A4FC7 /* NSObject+SBJSON.m */ = {isa = PBXFileReference; fileEncoding = 4; lastKnownFileType = sourcecode.c.objc; path = "NSObject+SBJSON.m"; sourceTree = "<group>"; };
		AEB94FDE139342B8003A4FC7 /* NSString+SBJSON.h */ = {isa = PBXFileReference; fileEncoding = 4; lastKnownFileType = sourcecode.c.h; path = "NSString+SBJSON.h"; sourceTree = "<group>"; };
		AEB94FDF139342B8003A4FC7 /* NSString+SBJSON.m */ = {isa = PBXFileReference; fileEncoding = 4; lastKnownFileType = sourcecode.c.objc; path = "NSString+SBJSON.m"; sourceTree = "<group>"; };
		AEB94FE0139342B8003A4FC7 /* SBJsonBase.h */ = {isa = PBXFileReference; fileEncoding = 4; lastKnownFileType = sourcecode.c.h; path = SBJsonBase.h; sourceTree = "<group>"; };
		AEB94FE1139342B8003A4FC7 /* SBJsonBase.m */ = {isa = PBXFileReference; fileEncoding = 4; lastKnownFileType = sourcecode.c.objc; path = SBJsonBase.m; sourceTree = "<group>"; };
		AEB94FE2139342B8003A4FC7 /* SBJsonParser.h */ = {isa = PBXFileReference; fileEncoding = 4; lastKnownFileType = sourcecode.c.h; path = SBJsonParser.h; sourceTree = "<group>"; };
		AEB94FE3139342B8003A4FC7 /* SBJsonParser.m */ = {isa = PBXFileReference; fileEncoding = 4; lastKnownFileType = sourcecode.c.objc; path = SBJsonParser.m; sourceTree = "<group>"; };
		AEB94FE4139342B9003A4FC7 /* SBJsonWriter.h */ = {isa = PBXFileReference; fileEncoding = 4; lastKnownFileType = sourcecode.c.h; path = SBJsonWriter.h; sourceTree = "<group>"; };
		AEB94FE5139342B9003A4FC7 /* SBJsonWriter.m */ = {isa = PBXFileReference; fileEncoding = 4; lastKnownFileType = sourcecode.c.objc; path = SBJsonWriter.m; sourceTree = "<group>"; };
		AEC3B35613D8345B00C59A51 /* NSString+Additions.h */ = {isa = PBXFileReference; fileEncoding = 4; lastKnownFileType = sourcecode.c.h; path = "NSString+Additions.h"; sourceTree = "<group>"; };
		AEC3B35713D8345B00C59A51 /* NSString+Additions.m */ = {isa = PBXFileReference; fileEncoding = 4; lastKnownFileType = sourcecode.c.objc; path = "NSString+Additions.m"; sourceTree = "<group>"; };
		AEC3B35813D8345B00C59A51 /* OneSkyDownloader.h */ = {isa = PBXFileReference; fileEncoding = 4; lastKnownFileType = sourcecode.c.h; path = OneSkyDownloader.h; sourceTree = "<group>"; };
		AEC3B35913D8345B00C59A51 /* OneSkyDownloader.m */ = {isa = PBXFileReference; fileEncoding = 4; lastKnownFileType = sourcecode.c.objc; path = OneSkyDownloader.m; sourceTree = "<group>"; };
		AEC3B35A13D8345B00C59A51 /* OneSkyHelper.h */ = {isa = PBXFileReference; fileEncoding = 4; lastKnownFileType = sourcecode.c.h; path = OneSkyHelper.h; sourceTree = "<group>"; };
		AEC3B35B13D8345B00C59A51 /* OneSkyHelper.m */ = {isa = PBXFileReference; fileEncoding = 4; lastKnownFileType = sourcecode.c.objc; path = OneSkyHelper.m; sourceTree = "<group>"; };
		AECA346B13D83CFD009483A7 /* NSMutableDictionary+Merge.h */ = {isa = PBXFileReference; fileEncoding = 4; lastKnownFileType = sourcecode.c.h; path = "NSMutableDictionary+Merge.h"; sourceTree = "<group>"; };
		AECA346C13D83CFD009483A7 /* NSMutableDictionary+Merge.m */ = {isa = PBXFileReference; fileEncoding = 4; lastKnownFileType = sourcecode.c.objc; path = "NSMutableDictionary+Merge.m"; sourceTree = "<group>"; };
		AED06BE51451115300E5E092 /* libz.1.2.5.dylib */ = {isa = PBXFileReference; lastKnownFileType = "compiled.mach-o.dylib"; name = libz.1.2.5.dylib; path = usr/lib/libz.1.2.5.dylib; sourceTree = SDKROOT; };
		AEEEF6AC1732A6A500B565BF /* Default-568h@2x.png */ = {isa = PBXFileReference; lastKnownFileType = image.png; path = "Default-568h@2x.png"; sourceTree = "<group>"; };
		AEF39DAE11E30BDE0011EB87 /* Security.framework */ = {isa = PBXFileReference; lastKnownFileType = wrapper.framework; name = Security.framework; path = System/Library/Frameworks/Security.framework; sourceTree = SDKROOT; };
/* End PBXFileReference section */

/* Begin PBXFrameworksBuildPhase section */
		1D60588F0D05DD3D006BFB54 /* Frameworks */ = {
			isa = PBXFrameworksBuildPhase;
			buildActionMask = 2147483647;
			files = (
				AED06BE61451115300E5E092 /* libz.1.2.5.dylib in Frameworks */,
				1D60589F0D05DD5A006BFB54 /* Foundation.framework in Frameworks */,
				1DF5F4E00D08C38300B7A737 /* UIKit.framework in Frameworks */,
				2892E4100DC94CBA00A64D0F /* CoreGraphics.framework in Frameworks */,
				AEF39DAF11E30BDE0011EB87 /* Security.framework in Frameworks */,
				AE36168A11E576BF00914E53 /* CFNetwork.framework in Frameworks */,
				AE36168E11E576CE00914E53 /* SystemConfiguration.framework in Frameworks */,
				AE36169211E576D800914E53 /* MobileCoreServices.framework in Frameworks */,
			);
			runOnlyForDeploymentPostprocessing = 0;
		};
/* End PBXFrameworksBuildPhase section */

/* Begin PBXGroup section */
		080E96DDFE201D6D7F000001 /* Classes */ = {
			isa = PBXGroup;
			children = (
				28C286DF0D94DF7D0034E888 /* RootViewController.h */,
				28C286E00D94DF7D0034E888 /* RootViewController.m */,
				1D3623240D0F684500981E51 /* TransSampleAppDelegate.h */,
				1D3623250D0F684500981E51 /* TransSampleAppDelegate.m */,
			);
			path = Classes;
			sourceTree = "<group>";
		};
		19C28FACFE9D520D11CA2CBB /* Products */ = {
			isa = PBXGroup;
			children = (
				1D6058910D05DD3D006BFB54 /* OneSky Demo.app */,
			);
			name = Products;
			sourceTree = "<group>";
		};
		29B97314FDCFA39411CA2CEA /* CustomTemplate */ = {
			isa = PBXGroup;
			children = (
				080E96DDFE201D6D7F000001 /* Classes */,
				29B97315FDCFA39411CA2CEA /* Other Sources */,
				29B97317FDCFA39411CA2CEA /* Resources */,
				29B97323FDCFA39411CA2CEA /* Frameworks */,
				19C28FACFE9D520D11CA2CBB /* Products */,
			);
			name = CustomTemplate;
			sourceTree = "<group>";
		};
		29B97315FDCFA39411CA2CEA /* Other Sources */ = {
			isa = PBXGroup;
			children = (
				AEC3B35513D8345B00C59A51 /* OneSkySDK */,
				AEB94FEB139342BD003A4FC7 /* JSON */,
				28A0AAE50D9B0CCF005BE974 /* TransSample_Prefix.pch */,
				29B97316FDCFA39411CA2CEA /* main.m */,
			);
			name = "Other Sources";
			sourceTree = "<group>";
		};
		29B97317FDCFA39411CA2CEA /* Resources */ = {
			isa = PBXGroup;
			children = (
				AEEEF6AC1732A6A500B565BF /* Default-568h@2x.png */,
				AE8FFA8213F0BDF200BE709E /* onesky.json */,
				28F335F01007B36200424DE2 /* RootViewController.xib */,
				28AD735F0D9D9599002E5188 /* MainWindow.xib */,
				8D1107310486CEB800E47090 /* TransSample-Info.plist */,
				AE7E5D6911E1919100053970 /* Localizable.strings */,
			);
			name = Resources;
			sourceTree = "<group>";
		};
		29B97323FDCFA39411CA2CEA /* Frameworks */ = {
			isa = PBXGroup;
			children = (
				AED06BE51451115300E5E092 /* libz.1.2.5.dylib */,
				AEF39DAE11E30BDE0011EB87 /* Security.framework */,
				1DF5F4DF0D08C38300B7A737 /* UIKit.framework */,
				1D30AB110D05D00D00671497 /* Foundation.framework */,
				2892E40F0DC94CBA00A64D0F /* CoreGraphics.framework */,
				AE36168911E576BF00914E53 /* CFNetwork.framework */,
				AE36168D11E576CE00914E53 /* SystemConfiguration.framework */,
				AE36169111E576D800914E53 /* MobileCoreServices.framework */,
				AE36169511E5770400914E53 /* libz.1.2.3.dylib */,
			);
			name = Frameworks;
			sourceTree = "<group>";
		};
		AEB94FEB139342BD003A4FC7 /* JSON */ = {
			isa = PBXGroup;
			children = (
				AEB94FDB139342B8003A4FC7 /* JSON.h */,
				AEB94FDC139342B8003A4FC7 /* NSObject+SBJSON.h */,
				AEB94FDD139342B8003A4FC7 /* NSObject+SBJSON.m */,
				AEB94FDE139342B8003A4FC7 /* NSString+SBJSON.h */,
				AEB94FDF139342B8003A4FC7 /* NSString+SBJSON.m */,
				AEB94FE0139342B8003A4FC7 /* SBJsonBase.h */,
				AEB94FE1139342B8003A4FC7 /* SBJsonBase.m */,
				AEB94FE2139342B8003A4FC7 /* SBJsonParser.h */,
				AEB94FE3139342B8003A4FC7 /* SBJsonParser.m */,
				AEB94FE4139342B9003A4FC7 /* SBJsonWriter.h */,
				AEB94FE5139342B9003A4FC7 /* SBJsonWriter.m */,
			);
			name = JSON;
			sourceTree = "<group>";
		};
		AEC3B35513D8345B00C59A51 /* OneSkySDK */ = {
			isa = PBXGroup;
			children = (
				AECA346B13D83CFD009483A7 /* NSMutableDictionary+Merge.h */,
				AECA346C13D83CFD009483A7 /* NSMutableDictionary+Merge.m */,
				AEC3B35613D8345B00C59A51 /* NSString+Additions.h */,
				AEC3B35713D8345B00C59A51 /* NSString+Additions.m */,
				AEC3B35813D8345B00C59A51 /* OneSkyDownloader.h */,
				AEC3B35913D8345B00C59A51 /* OneSkyDownloader.m */,
				AEC3B35A13D8345B00C59A51 /* OneSkyHelper.h */,
				AEC3B35B13D8345B00C59A51 /* OneSkyHelper.m */,
				AE93B5E613F4BB8F00D77C39 /* OneSkyWebViewController.h */,
				AE93B5E713F4BB9000D77C39 /* OneSkyWebViewController.m */,
				AE93B5E813F4BB9000D77C39 /* OneSkyWebViewController.xib */,
			);
			name = OneSkySDK;
			path = ../OneSkySDK;
			sourceTree = "<group>";
		};
/* End PBXGroup section */

/* Begin PBXNativeTarget section */
		1D6058900D05DD3D006BFB54 /* TransSample */ = {
			isa = PBXNativeTarget;
			buildConfigurationList = 1D6058960D05DD3E006BFB54 /* Build configuration list for PBXNativeTarget "TransSample" */;
			buildPhases = (
				1D60588D0D05DD3D006BFB54 /* Resources */,
				1D60588E0D05DD3D006BFB54 /* Sources */,
				1D60588F0D05DD3D006BFB54 /* Frameworks */,
			);
			buildRules = (
			);
			dependencies = (
			);
			name = TransSample;
			productName = TransSample;
			productReference = 1D6058910D05DD3D006BFB54 /* OneSky Demo.app */;
			productType = "com.apple.product-type.application";
		};
/* End PBXNativeTarget section */

/* Begin PBXProject section */
		29B97313FDCFA39411CA2CEA /* Project object */ = {
			isa = PBXProject;
			attributes = {
				LastUpgradeCheck = 0460;
			};
			buildConfigurationList = C01FCF4E08A954540054247B /* Build configuration list for PBXProject "TransSample" */;
			compatibilityVersion = "Xcode 3.2";
			developmentRegion = English;
			hasScannedForEncodings = 1;
			knownRegions = (
				English,
				Japanese,
				French,
				German,
				en,
				"zh-Hant",
			);
			mainGroup = 29B97314FDCFA39411CA2CEA /* CustomTemplate */;
			projectDirPath = "";
			projectRoot = "";
			targets = (
				1D6058900D05DD3D006BFB54 /* TransSample */,
			);
		};
/* End PBXProject section */

/* Begin PBXResourcesBuildPhase section */
		1D60588D0D05DD3D006BFB54 /* Resources */ = {
			isa = PBXResourcesBuildPhase;
			buildActionMask = 2147483647;
			files = (
				28AD73600D9D9599002E5188 /* MainWindow.xib in Resources */,
				28F335F11007B36200424DE2 /* RootViewController.xib in Resources */,
				AE7E5D6A11E1919100053970 /* Localizable.strings in Resources */,
				AE8FFA8313F0BDF200BE709E /* onesky.json in Resources */,
				AE93B5EA13F4BB9000D77C39 /* OneSkyWebViewController.xib in Resources */,
				AEEEF6AD1732A6A500B565BF /* Default-568h@2x.png in Resources */,
			);
			runOnlyForDeploymentPostprocessing = 0;
		};
/* End PBXResourcesBuildPhase section */

/* Begin PBXSourcesBuildPhase section */
		1D60588E0D05DD3D006BFB54 /* Sources */ = {
			isa = PBXSourcesBuildPhase;
			buildActionMask = 2147483647;
			files = (
				1D60589B0D05DD56006BFB54 /* main.m in Sources */,
				1D3623260D0F684500981E51 /* TransSampleAppDelegate.m in Sources */,
				28C286E10D94DF7D0034E888 /* RootViewController.m in Sources */,
				AEB94FE6139342B9003A4FC7 /* NSObject+SBJSON.m in Sources */,
				AEB94FE7139342B9003A4FC7 /* NSString+SBJSON.m in Sources */,
				AEB94FE8139342B9003A4FC7 /* SBJsonBase.m in Sources */,
				AEB94FE9139342B9003A4FC7 /* SBJsonParser.m in Sources */,
				AEB94FEA139342B9003A4FC7 /* SBJsonWriter.m in Sources */,
				AEC3B35C13D8345B00C59A51 /* NSString+Additions.m in Sources */,
				AEC3B35D13D8345B00C59A51 /* OneSkyDownloader.m in Sources */,
				AEC3B35E13D8345B00C59A51 /* OneSkyHelper.m in Sources */,
				AECA346D13D83CFD009483A7 /* NSMutableDictionary+Merge.m in Sources */,
				AE93B5E913F4BB9000D77C39 /* OneSkyWebViewController.m in Sources */,
			);
			runOnlyForDeploymentPostprocessing = 0;
		};
/* End PBXSourcesBuildPhase section */

/* Begin PBXVariantGroup section */
		AE7E5D6911E1919100053970 /* Localizable.strings */ = {
			isa = PBXVariantGroup;
			children = (
				AE7E5D6711E1918100053970 /* English */,
				AE7E5D6B11E191AC00053970 /* zh-Hant */,
			);
			name = Localizable.strings;
			sourceTree = "<group>";
		};
/* End PBXVariantGroup section */

/* Begin XCBuildConfiguration section */
		1D6058940D05DD3E006BFB54 /* Debug */ = {
			isa = XCBuildConfiguration;
			buildSettings = {
				ALWAYS_SEARCH_USER_PATHS = NO;
				COPY_PHASE_STRIP = NO;
				GCC_DYNAMIC_NO_PIC = NO;
				GCC_OPTIMIZATION_LEVEL = 0;
				GCC_PRECOMPILE_PREFIX_HEADER = YES;
				GCC_PREFIX_HEADER = TransSample_Prefix.pch;
				INFOPLIST_FILE = "TransSample-Info.plist";
				PRODUCT_NAME = "OneSky Demo";
			};
			name = Debug;
		};
		1D6058950D05DD3E006BFB54 /* Release */ = {
			isa = XCBuildConfiguration;
			buildSettings = {
				ALWAYS_SEARCH_USER_PATHS = NO;
				COPY_PHASE_STRIP = YES;
				GCC_PRECOMPILE_PREFIX_HEADER = YES;
				GCC_PREFIX_HEADER = TransSample_Prefix.pch;
				INFOPLIST_FILE = "TransSample-Info.plist";
				PRODUCT_NAME = "OneSky Demo";
				VALIDATE_PRODUCT = YES;
			};
			name = Release;
		};
		C01FCF4F08A954540054247B /* Debug */ = {
			isa = XCBuildConfiguration;
			buildSettings = {
				ARCHS = "$(ARCHS_STANDARD_32_BIT)";
				"CODE_SIGN_IDENTITY[sdk=iphoneos*]" = "iPhone Developer";
				GCC_C_LANGUAGE_STANDARD = c99;
				GCC_WARN_ABOUT_RETURN_TYPE = YES;
				GCC_WARN_UNUSED_VARIABLE = YES;
				IPHONEOS_DEPLOYMENT_TARGET = 3.0;
				SDKROOT = iphoneos;
			};
			name = Debug;
		};
		C01FCF5008A954540054247B /* Release */ = {
			isa = XCBuildConfiguration;
			buildSettings = {
				ARCHS = "$(ARCHS_STANDARD_32_BIT)";
				"CODE_SIGN_IDENTITY[sdk=iphoneos*]" = "iPhone Developer";
				GCC_C_LANGUAGE_STANDARD = c99;
				GCC_WARN_ABOUT_RETURN_TYPE = YES;
				GCC_WARN_UNUSED_VARIABLE = YES;
				IPHONEOS_DEPLOYMENT_TARGET = 3.0;
				OTHER_CFLAGS = "-DNS_BLOCK_ASSERTIONS=1";
				SDKROOT = iphoneos;
			};
			name = Release;
		};
/* End XCBuildConfiguration section */

/* Begin XCConfigurationList section */
		1D6058960D05DD3E006BFB54 /* Build configuration list for PBXNativeTarget "TransSample" */ = {
			isa = XCConfigurationList;
			buildConfigurations = (
				1D6058940D05DD3E006BFB54 /* Debug */,
				1D6058950D05DD3E006BFB54 /* Release */,
			);
			defaultConfigurationIsVisible = 0;
			defaultConfigurationName = Release;
		};
		C01FCF4E08A954540054247B /* Build configuration list for PBXProject "TransSample" */ = {
			isa = XCConfigurationList;
			buildConfigurations = (
				C01FCF4F08A954540054247B /* Debug */,
				C01FCF5008A954540054247B /* Release */,
			);
			defaultConfigurationIsVisible = 0;
			defaultConfigurationName = Release;
		};
/* End XCConfigurationList section */
	};
	rootObject = 29B97313FDCFA39411CA2CEA /* Project object */;
}
